{
  "object": {
    "pins": [
      {
        "package": "swift-custom-dump",
        "repositoryURL": "https://github.com/pointfreeco/swift-custom-dump",
        "state": {
          "branch": null,
          "revision": "505aa98716275fbd045d8f934fee3337c82ffbd3",
          "version": "0.10.3"
        }
      },
      {
        "package": "swift-json-testing",
        "repositoryURL": "https://github.com/davdroman/swift-json-testing",
        "state": {
          "branch": "main",
          "revision": "9223048c0e9de244b6ba4f4f81a16828f44db13e",
          "version": null
        }
      },
      {
        "package": "xctest-dynamic-overlay",
        "repositoryURL": "https://github.com/pointfreeco/xctest-dynamic-overlay",
        "state": {
          "branch": null,
          "revision": "4af50b38daf0037cfbab15514a241224c3f62f98",
          "version": "0.8.5"
        }
      }
    ]
  },
  "version": 1
}
