{
  "originHash" : "616e8e7d6d574d9d870b04f739c4d8ce0e568d5c8d0262436287a971c6d62fe5",
  "pins" : [
    {
      "identity" : "swift-custom-dump",
      "kind" : "remoteSourceControl",
      "location" : "https://github.com/pointfreeco/swift-custom-dump",
      "state" : {
        "revision" : "82645ec760917961cfa08c9c0c7104a57a0fa4b1",
        "version" : "1.3.3"
      }
    },
    {
      "identity" : "swift-json-testing",
      "kind" : "remoteSourceControl",
      "location" : "https://github.com/davdroman/swift-json-testing",
      "state" : {
        "revision" : "de48704db4af7d448bc27aea305b39494fed6eec",
        "version" : "0.2.0"
      }
    },
    {
      "identity" : "xctest-dynamic-overlay",
      "kind" : "remoteSourceControl",
      "location" : "https://github.com/pointfreeco/xctest-dynamic-overlay",
      "state" : {
        "revision" : "34e463e98ab8541c604af706c99bed7160f5ec70",
        "version" : "1.8.1"
      }
    }
  ],
  "version" : 3
}
